
Microsoft Visual Studio Solution File, Format Version 12.00
# Visual Studio Version 17
VisualStudioVersion = 17.7.34221.43
MinimumVisualStudioVersion = 10.0.40219.1
Project("{FAE04EC0-301F-11D3-BF4B-00C04F79EFBC}") = "WebApplication1", "WebApplication1\WebApplication1.csproj", "{BA4442F7-760F-4716-82E9-ADA02C89E84C}"
EndProject
Global
	GlobalSection(SolutionConfigurationPlatforms) = preSolution
		Debug|Any CPU = Debug|Any CPU
		Release|Any CPU = Release|Any CPU
	EndGlobalSection
	GlobalSection(ProjectConfigurationPlatforms) = postSolution
		{BA4442F7-760F-4716-82E9-ADA02C89E84C}.Debug|Any CPU.ActiveCfg = Debug|Any CPU
		{BA4442F7-760F-4716-82E9-ADA02C89E84C}.Debug|Any CPU.Build.0 = Debug|Any CPU
		{BA4442F7-760F-4716-82E9-ADA02C89E84C}.Release|Any CPU.ActiveCfg = Release|Any CPU
		{BA4442F7-760F-4716-82E9-ADA02C89E84C}.Release|Any CPU.Build.0 = Release|Any CPU
	EndGlobalSection
	GlobalSection(SolutionProperties) = preSolution
		HideSolutionNode = FALSE
	EndGlobalSection
	GlobalSection(ExtensibilityGlobals) = postSolution
		SolutionGuid = {CE31C009-A544-4B07-876D-769B6F9DF61F}
	EndGlobalSection
EndGlobal
